
Microsoft Visual Studio Solution File, Format Version 12.00
# Visual Studio 14
VisualStudioVersion = 14.0.25420.1
MinimumVisualStudioVersion = 10.0.40219.1
Project("{FAE04EC0-301F-11D3-BF4B-00C04F79EFBC}") = "SendCtrlC", "SendCtrlC\SendCtrlC.csproj", "{E92A18F6-1AAB-4C99-BE7D-F739C3782BBC}"
EndProject
Project("{FAE04EC0-301F-11D3-BF4B-00C04F79EFBC}") = "Test", "Test\Test.csproj", "{0DA05EE7-AA1C-4338-9041-DE492954AB7F}"
EndProject
Global
	GlobalSection(SolutionConfigurationPlatforms) = preSolution
		Debug|Any CPU = Debug|Any CPU
		Release|Any CPU = Release|Any CPU
	EndGlobalSection
	GlobalSection(ProjectConfigurationPlatforms) = postSolution
		{E92A18F6-1AAB-4C99-BE7D-F739C3782BBC}.Debug|Any CPU.ActiveCfg = Debug|Any CPU
		{E92A18F6-1AAB-4C99-BE7D-F739C3782BBC}.Debug|Any CPU.Build.0 = Debug|Any CPU
		{E92A18F6-1AAB-4C99-BE7D-F739C3782BBC}.Release|Any CPU.ActiveCfg = Release|Any CPU
		{E92A18F6-1AAB-4C99-BE7D-F739C3782BBC}.Release|Any CPU.Build.0 = Release|Any CPU
		{0DA05EE7-AA1C-4338-9041-DE492954AB7F}.Debug|Any CPU.ActiveCfg = Debug|Any CPU
		{0DA05EE7-AA1C-4338-9041-DE492954AB7F}.Debug|Any CPU.Build.0 = Debug|Any CPU
		{0DA05EE7-AA1C-4338-9041-DE492954AB7F}.Release|Any CPU.ActiveCfg = Release|Any CPU
		{0DA05EE7-AA1C-4338-9041-DE492954AB7F}.Release|Any CPU.Build.0 = Release|Any CPU
	EndGlobalSection
	GlobalSection(SolutionProperties) = preSolution
		HideSolutionNode = FALSE
	EndGlobalSection
EndGlobal
